
Microsoft Visual Studio Solution File, Format Version 12.00
# Visual Studio Version 17
VisualStudioVersion = 17.14.36414.22
MinimumVisualStudioVersion = 10.0.40219.1
Project("{2150E333-8FDC-42A3-9474-1A3956D46DE8}") = "Task0", "Task0", "{02EA681E-C7D8-13C7-8484-4AC65E1B71E8}"
EndProject
Project("{FAE04EC0-301F-11D3-BF4B-00C04F79EFBC}") = "Tyuiu.BocharovaES.Sprint2.Task0.V25", "Tyuiu.BocharovaES.Sprint2.Task0.V25\Tyuiu.BocharovaES.Sprint2.Task0.V25.csproj", "{823D611A-76F2-4F6A-8C1D-57B6AF44986A}"
EndProject
Project("{FAE04EC0-301F-11D3-BF4B-00C04F79EFBC}") = "Tyuiu.BocharovaES.Sprint2.Task0.V25.Lib", "Tyuiu.BocharovaES.Sprint2.Task0.V25.Lib\Tyuiu.BocharovaES.Sprint2.Task0.V25.Lib.csproj", "{4208D4B3-8A6D-4760-859A-AD5DDC5242C3}"
EndProject
Project("{FAE04EC0-301F-11D3-BF4B-00C04F79EFBC}") = "Tyuiu.BocharovaES.Sprint2.Task0.V25.Test", "Tyuiu.BocharovaES.Sprint2.Task0.V25.Test\Tyuiu.BocharovaES.Sprint2.Task0.V25.Test.csproj", "{09F19239-00EF-4908-9685-AC8A41D7C0BE}"
EndProject
Project("{2150E333-8FDC-42A3-9474-1A3956D46DE8}") = "Task1", "Task1", "{0CC8B76B-CA1C-46AE-97E8-7AD3323DD860}"
EndProject
Project("{FAE04EC0-301F-11D3-BF4B-00C04F79EFBC}") = "Tyuiu.BocharovaES.Sprint2.Task1.V12", "Tyuiu.BocharovaES.Sprint2.Task1.V12\Tyuiu.BocharovaES.Sprint2.Task1.V12.csproj", "{ED240999-46B9-486C-8D45-DA9812D34BE8}"
EndProject
Project("{FAE04EC0-301F-11D3-BF4B-00C04F79EFBC}") = "Tyuiu.BocharovaES.Sprint2.Task1.V12.Lib", "Tyuiu.BocharovaES.Sprint2.Task1.V12.Lib\Tyuiu.BocharovaES.Sprint2.Task1.V12.Lib.csproj", "{32C198AF-E0D3-47A4-B4FE-6F752167E1BF}"
EndProject
Project("{FAE04EC0-301F-11D3-BF4B-00C04F79EFBC}") = "Tyuiu.BocharovaES.Sprint2.Task1.V12.Test", "Tyuiu.BocharovaES.Sprint2.Task1.V12.Test\Tyuiu.BocharovaES.Sprint2.Task1.V12.Test.csproj", "{2E908299-84EE-4643-9C6A-39D688B9CB83}"
EndProject
Project("{2150E333-8FDC-42A3-9474-1A3956D46DE8}") = "Task2", "Task2", "{F2C4E40D-097A-4F34-946E-D09E36F5A17D}"
EndProject
Project("{FAE04EC0-301F-11D3-BF4B-00C04F79EFBC}") = "Tyuiu.BocharovaES.Sprint2.Task2.V3", "Tyuiu.BocharovaES.Sprint2.Task2.V3\Tyuiu.BocharovaES.Sprint2.Task2.V3.csproj", "{CA74D46E-8AE1-4A8B-B68B-17D6D6414A9F}"
EndProject
Project("{FAE04EC0-301F-11D3-BF4B-00C04F79EFBC}") = "Tyuiu.BocharovaES.Sprint2.Task2.V3.Lib", "Tyuiu.BocharovaES.Sprint2.Task2.V3.Lib\Tyuiu.BocharovaES.Sprint2.Task2.V3.Lib.csproj", "{CD5ABC72-0E11-4ECE-87AA-E1A8C24177AE}"
EndProject
Project("{FAE04EC0-301F-11D3-BF4B-00C04F79EFBC}") = "Tyuiu.BocharovaES.Sprint2.Task2.V3.Test", "Tyuiu.BocharovaES.Sprint2.Task2.V3.Test\Tyuiu.BocharovaES.Sprint2.Task2.V3.Test.csproj", "{5A4B8B6C-88AF-4F1B-B041-FD9C742D4558}"
EndProject
Project("{2150E333-8FDC-42A3-9474-1A3956D46DE8}") = "Task3", "Task3", "{51CA2804-5020-4F9C-88BC-14EE26CDBB07}"
EndProject
Project("{FAE04EC0-301F-11D3-BF4B-00C04F79EFBC}") = "Tyuiu.BocharovaES.Sprint2.Task3.V13", "Tyuiu.BocharovaES.Sprint2.Task3.V13\Tyuiu.BocharovaES.Sprint2.Task3.V13.csproj", "{7B2323DE-FD7D-4E42-846C-4CFCC5B0531F}"
EndProject
Project("{FAE04EC0-301F-11D3-BF4B-00C04F79EFBC}") = "Tyuiu.BocharovaES.Sprint2.Task3.V13.Lib", "Tyuiu.BocharovaES.Sprint2.Task3.V13.Lib\Tyuiu.BocharovaES.Sprint2.Task3.V13.Lib.csproj", "{F531B22F-A0FC-4099-8C94-8C50D5BDD896}"
EndProject
Project("{FAE04EC0-301F-11D3-BF4B-00C04F79EFBC}") = "Tyuiu.BocharovaES.Sprint2.Task3.V13.Test", "Tyuiu.BocharovaES.Sprint2.Task3.V13.Test\Tyuiu.BocharovaES.Sprint2.Task3.V13.Test.csproj", "{F4823955-BEA9-476A-95CE-88C115A843B7}"
EndProject
Project("{2150E333-8FDC-42A3-9474-1A3956D46DE8}") = "Task4", "Task4", "{DDF67449-AF54-40B6-9E3F-792C762C670B}"
EndProject
Project("{FAE04EC0-301F-11D3-BF4B-00C04F79EFBC}") = "Tyuiu.BocharovaES.Sprint2.Task4.V26", "Tyuiu.BocharovaES.Sprint2.Task4.V26\Tyuiu.BocharovaES.Sprint2.Task4.V26.csproj", "{212E35B4-DDAF-4E14-A831-4DAF199B90B4}"
EndProject
Project("{FAE04EC0-301F-11D3-BF4B-00C04F79EFBC}") = "Tyuiu.BocharovaES.Sprint2.Task4.V26.Lib", "Tyuiu.BocharovaES.Sprint2.Task4.V26.Lib\Tyuiu.BocharovaES.Sprint2.Task4.V26.Lib.csproj", "{3D632A37-993C-4179-B16E-D5FD264342B0}"
EndProject
Project("{FAE04EC0-301F-11D3-BF4B-00C04F79EFBC}") = "Tyuiu.BocharovaES.Sprint2.Task4.V26.Test", "Tyuiu.BocharovaES.Sprint2.Task4.V26.Test\Tyuiu.BocharovaES.Sprint2.Task4.V26.Test.csproj", "{31213147-B5E3-41F3-B5E2-681C3676FA34}"
EndProject
Project("{2150E333-8FDC-42A3-9474-1A3956D46DE8}") = "Task5", "Task5", "{971BD2B9-7A40-4A81-B523-691DC01AA065}"
EndProject
Project("{FAE04EC0-301F-11D3-BF4B-00C04F79EFBC}") = "Tyuiu.BocharovaES.Sprint2.Task5.V9", "Tyuiu.BocharovaES.Sprint2.Task5.V9\Tyuiu.BocharovaES.Sprint2.Task5.V9.csproj", "{BE4ED83F-A8C3-4B62-AB94-9EB9C0D0A8A0}"
EndProject
Project("{FAE04EC0-301F-11D3-BF4B-00C04F79EFBC}") = "Tyuiu.BocharovaES.Sprint2.Task5.V9.Lib", "Tyuiu.BocharovaES.Sprint2.Task5.V9.Lib\Tyuiu.BocharovaES.Sprint2.Task5.V9.Lib.csproj", "{872913A0-45D6-4737-B9FE-C06343C92868}"
EndProject
Project("{FAE04EC0-301F-11D3-BF4B-00C04F79EFBC}") = "Tyuiu.BocharovaES.Sprint2.Task5.V9.Test", "Tyuiu.BocharovaES.Sprint2.Task5.V9.Test\Tyuiu.BocharovaES.Sprint2.Task5.V9.Test.csproj", "{D9DD9B12-6E1D-44B2-A3B1-521319A44776}"
EndProject
Global
	GlobalSection(SolutionConfigurationPlatforms) = preSolution
		Debug|Any CPU = Debug|Any CPU
		Release|Any CPU = Release|Any CPU
	EndGlobalSection
	GlobalSection(ProjectConfigurationPlatforms) = postSolution
		{823D611A-76F2-4F6A-8C1D-57B6AF44986A}.Debug|Any CPU.ActiveCfg = Debug|Any CPU
		{823D611A-76F2-4F6A-8C1D-57B6AF44986A}.Debug|Any CPU.Build.0 = Debug|Any CPU
		{823D611A-76F2-4F6A-8C1D-57B6AF44986A}.Release|Any CPU.ActiveCfg = Release|Any CPU
		{823D611A-76F2-4F6A-8C1D-57B6AF44986A}.Release|Any CPU.Build.0 = Release|Any CPU
		{4208D4B3-8A6D-4760-859A-AD5DDC5242C3}.Debug|Any CPU.ActiveCfg = Debug|Any CPU
		{4208D4B3-8A6D-4760-859A-AD5DDC5242C3}.Debug|Any CPU.Build.0 = Debug|Any CPU
		{4208D4B3-8A6D-4760-859A-AD5DDC5242C3}.Release|Any CPU.ActiveCfg = Release|Any CPU
		{4208D4B3-8A6D-4760-859A-AD5DDC5242C3}.Release|Any CPU.Build.0 = Release|Any CPU
		{09F19239-00EF-4908-9685-AC8A41D7C0BE}.Debug|Any CPU.ActiveCfg = Debug|Any CPU
		{09F19239-00EF-4908-9685-AC8A41D7C0BE}.Debug|Any CPU.Build.0 = Debug|Any CPU
		{09F19239-00EF-4908-9685-AC8A41D7C0BE}.Release|Any CPU.ActiveCfg = Release|Any CPU
		{09F19239-00EF-4908-9685-AC8A41D7C0BE}.Release|Any CPU.Build.0 = Release|Any CPU
		{ED240999-46B9-486C-8D45-DA9812D34BE8}.Debug|Any CPU.ActiveCfg = Debug|Any CPU
		{ED240999-46B9-486C-8D45-DA9812D34BE8}.Debug|Any CPU.Build.0 = Debug|Any CPU
		{ED240999-46B9-486C-8D45-DA9812D34BE8}.Release|Any CPU.ActiveCfg = Release|Any CPU
		{ED240999-46B9-486C-8D45-DA9812D34BE8}.Release|Any CPU.Build.0 = Release|Any CPU
		{32C198AF-E0D3-47A4-B4FE-6F752167E1BF}.Debug|Any CPU.ActiveCfg = Debug|Any CPU
		{32C198AF-E0D3-47A4-B4FE-6F752167E1BF}.Debug|Any CPU.Build.0 = Debug|Any CPU
		{32C198AF-E0D3-47A4-B4FE-6F752167E1BF}.Release|Any CPU.ActiveCfg = Release|Any CPU
		{32C198AF-E0D3-47A4-B4FE-6F752167E1BF}.Release|Any CPU.Build.0 = Release|Any CPU
		{2E908299-84EE-4643-9C6A-39D688B9CB83}.Debug|Any CPU.ActiveCfg = Debug|Any CPU
		{2E908299-84EE-4643-9C6A-39D688B9CB83}.Debug|Any CPU.Build.0 = Debug|Any CPU
		{2E908299-84EE-4643-9C6A-39D688B9CB83}.Release|Any CPU.ActiveCfg = Release|Any CPU
		{2E908299-84EE-4643-9C6A-39D688B9CB83}.Release|Any CPU.Build.0 = Release|Any CPU
		{CA74D46E-8AE1-4A8B-B68B-17D6D6414A9F}.Debug|Any CPU.ActiveCfg = Debug|Any CPU
		{CA74D46E-8AE1-4A8B-B68B-17D6D6414A9F}.Debug|Any CPU.Build.0 = Debug|Any CPU
		{CA74D46E-8AE1-4A8B-B68B-17D6D6414A9F}.Release|Any CPU.ActiveCfg = Release|Any CPU
		{CA74D46E-8AE1-4A8B-B68B-17D6D6414A9F}.Release|Any CPU.Build.0 = Release|Any CPU
		{CD5ABC72-0E11-4ECE-87AA-E1A8C24177AE}.Debug|Any CPU.ActiveCfg = Debug|Any CPU
		{CD5ABC72-0E11-4ECE-87AA-E1A8C24177AE}.Debug|Any CPU.Build.0 = Debug|Any CPU
		{CD5ABC72-0E11-4ECE-87AA-E1A8C24177AE}.Release|Any CPU.ActiveCfg = Release|Any CPU
		{CD5ABC72-0E11-4ECE-87AA-E1A8C24177AE}.Release|Any CPU.Build.0 = Release|Any CPU
		{5A4B8B6C-88AF-4F1B-B041-FD9C742D4558}.Debug|Any CPU.ActiveCfg = Debug|Any CPU
		{5A4B8B6C-88AF-4F1B-B041-FD9C742D4558}.Debug|Any CPU.Build.0 = Debug|Any CPU
		{5A4B8B6C-88AF-4F1B-B041-FD9C742D4558}.Release|Any CPU.ActiveCfg = Release|Any CPU
		{5A4B8B6C-88AF-4F1B-B041-FD9C742D4558}.Release|Any CPU.Build.0 = Release|Any CPU
		{7B2323DE-FD7D-4E42-846C-4CFCC5B0531F}.Debug|Any CPU.ActiveCfg = Debug|Any CPU
		{7B2323DE-FD7D-4E42-846C-4CFCC5B0531F}.Debug|Any CPU.Build.0 = Debug|Any CPU
		{7B2323DE-FD7D-4E42-846C-4CFCC5B0531F}.Release|Any CPU.ActiveCfg = Release|Any CPU
		{7B2323DE-FD7D-4E42-846C-4CFCC5B0531F}.Release|Any CPU.Build.0 = Release|Any CPU
		{F531B22F-A0FC-4099-8C94-8C50D5BDD896}.Debug|Any CPU.ActiveCfg = Debug|Any CPU
		{F531B22F-A0FC-4099-8C94-8C50D5BDD896}.Debug|Any CPU.Build.0 = Debug|Any CPU
		{F531B22F-A0FC-4099-8C94-8C50D5BDD896}.Release|Any CPU.ActiveCfg = Release|Any CPU
		{F531B22F-A0FC-4099-8C94-8C50D5BDD896}.Release|Any CPU.Build.0 = Release|Any CPU
		{F4823955-BEA9-476A-95CE-88C115A843B7}.Debug|Any CPU.ActiveCfg = Debug|Any CPU
		{F4823955-BEA9-476A-95CE-88C115A843B7}.Debug|Any CPU.Build.0 = Debug|Any CPU
		{F4823955-BEA9-476A-95CE-88C115A843B7}.Release|Any CPU.ActiveCfg = Release|Any CPU
		{F4823955-BEA9-476A-95CE-88C115A843B7}.Release|Any CPU.Build.0 = Release|Any CPU
		{212E35B4-DDAF-4E14-A831-4DAF199B90B4}.Debug|Any CPU.ActiveCfg = Debug|Any CPU
		{212E35B4-DDAF-4E14-A831-4DAF199B90B4}.Debug|Any CPU.Build.0 = Debug|Any CPU
		{212E35B4-DDAF-4E14-A831-4DAF199B90B4}.Release|Any CPU.ActiveCfg = Release|Any CPU
		{212E35B4-DDAF-4E14-A831-4DAF199B90B4}.Release|Any CPU.Build.0 = Release|Any CPU
		{3D632A37-993C-4179-B16E-D5FD264342B0}.Debug|Any CPU.ActiveCfg = Debug|Any CPU
		{3D632A37-993C-4179-B16E-D5FD264342B0}.Debug|Any CPU.Build.0 = Debug|Any CPU
		{3D632A37-993C-4179-B16E-D5FD264342B0}.Release|Any CPU.ActiveCfg = Release|Any CPU
		{3D632A37-993C-4179-B16E-D5FD264342B0}.Release|Any CPU.Build.0 = Release|Any CPU
		{31213147-B5E3-41F3-B5E2-681C3676FA34}.Debug|Any CPU.ActiveCfg = Debug|Any CPU
		{31213147-B5E3-41F3-B5E2-681C3676FA34}.Debug|Any CPU.Build.0 = Debug|Any CPU
		{31213147-B5E3-41F3-B5E2-681C3676FA34}.Release|Any CPU.ActiveCfg = Release|Any CPU
		{31213147-B5E3-41F3-B5E2-681C3676FA34}.Release|Any CPU.Build.0 = Release|Any CPU
		{BE4ED83F-A8C3-4B62-AB94-9EB9C0D0A8A0}.Debug|Any CPU.ActiveCfg = Debug|Any CPU
		{BE4ED83F-A8C3-4B62-AB94-9EB9C0D0A8A0}.Debug|Any CPU.Build.0 = Debug|Any CPU
		{BE4ED83F-A8C3-4B62-AB94-9EB9C0D0A8A0}.Release|Any CPU.ActiveCfg = Release|Any CPU
		{BE4ED83F-A8C3-4B62-AB94-9EB9C0D0A8A0}.Release|Any CPU.Build.0 = Release|Any CPU
		{872913A0-45D6-4737-B9FE-C06343C92868}.Debug|Any CPU.ActiveCfg = Debug|Any CPU
		{872913A0-45D6-4737-B9FE-C06343C92868}.Debug|Any CPU.Build.0 = Debug|Any CPU
		{872913A0-45D6-4737-B9FE-C06343C92868}.Release|Any CPU.ActiveCfg = Release|Any CPU
		{872913A0-45D6-4737-B9FE-C06343C92868}.Release|Any CPU.Build.0 = Release|Any CPU
		{D9DD9B12-6E1D-44B2-A3B1-521319A44776}.Debug|Any CPU.ActiveCfg = Debug|Any CPU
		{D9DD9B12-6E1D-44B2-A3B1-521319A44776}.Debug|Any CPU.Build.0 = Debug|Any CPU
		{D9DD9B12-6E1D-44B2-A3B1-521319A44776}.Release|Any CPU.ActiveCfg = Release|Any CPU
		{D9DD9B12-6E1D-44B2-A3B1-521319A44776}.Release|Any CPU.Build.0 = Release|Any CPU
	EndGlobalSection
	GlobalSection(SolutionProperties) = preSolution
		HideSolutionNode = FALSE
	EndGlobalSection
	GlobalSection(NestedProjects) = preSolution
		{823D611A-76F2-4F6A-8C1D-57B6AF44986A} = {02EA681E-C7D8-13C7-8484-4AC65E1B71E8}
		{4208D4B3-8A6D-4760-859A-AD5DDC5242C3} = {02EA681E-C7D8-13C7-8484-4AC65E1B71E8}
		{09F19239-00EF-4908-9685-AC8A41D7C0BE} = {02EA681E-C7D8-13C7-8484-4AC65E1B71E8}
		{ED240999-46B9-486C-8D45-DA9812D34BE8} = {0CC8B76B-CA1C-46AE-97E8-7AD3323DD860}
		{32C198AF-E0D3-47A4-B4FE-6F752167E1BF} = {0CC8B76B-CA1C-46AE-97E8-7AD3323DD860}
		{2E908299-84EE-4643-9C6A-39D688B9CB83} = {0CC8B76B-CA1C-46AE-97E8-7AD3323DD860}
		{CA74D46E-8AE1-4A8B-B68B-17D6D6414A9F} = {F2C4E40D-097A-4F34-946E-D09E36F5A17D}
		{CD5ABC72-0E11-4ECE-87AA-E1A8C24177AE} = {F2C4E40D-097A-4F34-946E-D09E36F5A17D}
		{5A4B8B6C-88AF-4F1B-B041-FD9C742D4558} = {F2C4E40D-097A-4F34-946E-D09E36F5A17D}
		{7B2323DE-FD7D-4E42-846C-4CFCC5B0531F} = {51CA2804-5020-4F9C-88BC-14EE26CDBB07}
		{F531B22F-A0FC-4099-8C94-8C50D5BDD896} = {51CA2804-5020-4F9C-88BC-14EE26CDBB07}
		{F4823955-BEA9-476A-95CE-88C115A843B7} = {51CA2804-5020-4F9C-88BC-14EE26CDBB07}
		{212E35B4-DDAF-4E14-A831-4DAF199B90B4} = {DDF67449-AF54-40B6-9E3F-792C762C670B}
		{3D632A37-993C-4179-B16E-D5FD264342B0} = {DDF67449-AF54-40B6-9E3F-792C762C670B}
		{31213147-B5E3-41F3-B5E2-681C3676FA34} = {DDF67449-AF54-40B6-9E3F-792C762C670B}
		{BE4ED83F-A8C3-4B62-AB94-9EB9C0D0A8A0} = {971BD2B9-7A40-4A81-B523-691DC01AA065}
		{872913A0-45D6-4737-B9FE-C06343C92868} = {971BD2B9-7A40-4A81-B523-691DC01AA065}
		{D9DD9B12-6E1D-44B2-A3B1-521319A44776} = {971BD2B9-7A40-4A81-B523-691DC01AA065}
	EndGlobalSection
	GlobalSection(ExtensibilityGlobals) = postSolution
		SolutionGuid = {0C3DCA59-55DA-4AEC-8786-992CE6CA9296}
	EndGlobalSection
EndGlobal
